
Microsoft Visual Studio Solution File, Format Version 12.00
# Visual Studio Version 17
VisualStudioVersion = 17.4.33205.214
MinimumVisualStudioVersion = 10.0.40219.1
Project("{FAE04EC0-301F-11D3-BF4B-00C04F79EFBC}") = "Casting Homework Practices", "Casting Homework Practices\Casting Homework Practices.csproj", "{B9FA0A4D-C62C-415A-BE33-0961F58FCE5A}"
EndProject
Global
	GlobalSection(SolutionConfigurationPlatforms) = preSolution
		Debug|Any CPU = Debug|Any CPU
		Release|Any CPU = Release|Any CPU
	EndGlobalSection
	GlobalSection(ProjectConfigurationPlatforms) = postSolution
		{B9FA0A4D-C62C-415A-BE33-0961F58FCE5A}.Debug|Any CPU.ActiveCfg = Debug|Any CPU
		{B9FA0A4D-C62C-415A-BE33-0961F58FCE5A}.Debug|Any CPU.Build.0 = Debug|Any CPU
		{B9FA0A4D-C62C-415A-BE33-0961F58FCE5A}.Release|Any CPU.ActiveCfg = Release|Any CPU
		{B9FA0A4D-C62C-415A-BE33-0961F58FCE5A}.Release|Any CPU.Build.0 = Release|Any CPU
	EndGlobalSection
	GlobalSection(SolutionProperties) = preSolution
		HideSolutionNode = FALSE
	EndGlobalSection
	GlobalSection(ExtensibilityGlobals) = postSolution
		SolutionGuid = {AB0E6B6E-9ACF-4025-B515-A4091FDB0FE2}
	EndGlobalSection
EndGlobal
